github.com/emersion/go-milter v0.0.0-20190311184326-c3095a41a6fe/go.mod h1:aEaq7U51ARlk+2UeXTtdrDYeYWAUn/QjEwWzs7lD8OU=
github.com/emersion/go-msgauth v0.4.0 h1:LM9vNyaecGbhWiwKCAnzql7sVfgL072/QL5ZsIaHSL8=
github.com/emersion/go-msgauth v0.4.0/go.mod h1:7r9HUSXL1dq+KK7Xqg0JlyBxNFGf5+JouRvSz4wBZCQ=
github.com/joho/godotenv v1.5.1 h1:7eLL/+HRGLY0ldzfGMeQkb7vMd0as4CfYvUVzLqw0N0=
github.com/joho/godotenv v1.5.1/go.mod h1:f4LDr5Voq0i2e/R5DDNOoa2zzDfwtkZa6DnEwAbqwq4=
golang.org/x/crypto v0.0.0-20190411191339-88737f569e3a h1:Igim7XhdOpBnWPuYJ70XcNpq8q3BCACtVgNfoJxOV7g=
golang.org/x/crypto v0.0.0-20190411191339-88737f569e3a/go.mod h1:WFFai1msRO1wXaEeE5yQxYXgSfI8pQAWXbQop6sCtWE=
golang.org/x/sys v0.0.0-20190403152447-81d4e9dc473e/go.mod h1:h1NjWce9XRLGQEsW7wpKNCjG9DtNlClVuFLEZdDNbEs=
